
Microsoft Visual Studio Solution File, Format Version 12.00
# Visual Studio Version 16
VisualStudioVersion = 16.0.31019.35
MinimumVisualStudioVersion = 10.0.40219.1
Project("{9A19103F-16F7-4668-BE54-9A1E7A4F7556}") = "MarkusSecundus.YoowzxCalc", "MarkusSecundus.YoowzxCalc\MarkusSecundus.YoowzxCalc.csproj", "{97C83F48-C27A-42A8-B6FF-4A3F962F8B3F}"
EndProject
Project("{9A19103F-16F7-4668-BE54-9A1E7A4F7556}") = "MarkusSecundus.YoowzxCalc.DSL.Parser", "MarkusSecundus.YoowzxCalc.DSL.Parser\MarkusSecundus.YoowzxCalc.DSL.Parser.csproj", "{02DB16FD-476F-49AB-842B-D4F24178C164}"
EndProject
Project("{9A19103F-16F7-4668-BE54-9A1E7A4F7556}") = "MarkusSecundus.YoowzxCalc.DSL.AST", "MarkusSecundus.YoowzxCalc.DSL.AST\MarkusSecundus.YoowzxCalc.DSL.AST.csproj", "{7704DD38-1DA2-4157-9DEB-00D4ADD6EDEF}"
EndProject
Project("{9A19103F-16F7-4668-BE54-9A1E7A4F7556}") = "MarkusSecundus.Util", "MarkusSecundus.Util\MarkusSecundus.Util.csproj", "{9059170A-F4E8-4003-A123-9DB8CA2A79DC}"
EndProject
Project("{9A19103F-16F7-4668-BE54-9A1E7A4F7556}") = "MarkusSecundus.YoowzxCalc.Compilation", "MarkusSecundus.YoowzxCalc.Compilation\MarkusSecundus.YoowzxCalc.Compilation.csproj", "{AC41C615-3FE7-4E5A-9269-ECD235FCC5E0}"
EndProject
Project("{9A19103F-16F7-4668-BE54-9A1E7A4F7556}") = "MarkusSecundus.YoowzxCalc.Cmd", "MarkusSecundus.YoowzxCalc.Cmd\MarkusSecundus.YoowzxCalc.Cmd.csproj", "{63B111FD-9F3A-4A9F-98E6-E4AAF956EE55}"
EndProject
Global
	GlobalSection(SolutionConfigurationPlatforms) = preSolution
		Debug|Any CPU = Debug|Any CPU
		Release|Any CPU = Release|Any CPU
	EndGlobalSection
	GlobalSection(ProjectConfigurationPlatforms) = postSolution
		{97C83F48-C27A-42A8-B6FF-4A3F962F8B3F}.Debug|Any CPU.ActiveCfg = Debug|Any CPU
		{97C83F48-C27A-42A8-B6FF-4A3F962F8B3F}.Debug|Any CPU.Build.0 = Debug|Any CPU
		{97C83F48-C27A-42A8-B6FF-4A3F962F8B3F}.Release|Any CPU.ActiveCfg = Release|Any CPU
		{97C83F48-C27A-42A8-B6FF-4A3F962F8B3F}.Release|Any CPU.Build.0 = Release|Any CPU
		{02DB16FD-476F-49AB-842B-D4F24178C164}.Debug|Any CPU.ActiveCfg = Debug|Any CPU
		{02DB16FD-476F-49AB-842B-D4F24178C164}.Debug|Any CPU.Build.0 = Debug|Any CPU
		{02DB16FD-476F-49AB-842B-D4F24178C164}.Release|Any CPU.ActiveCfg = Release|Any CPU
		{02DB16FD-476F-49AB-842B-D4F24178C164}.Release|Any CPU.Build.0 = Release|Any CPU
		{7704DD38-1DA2-4157-9DEB-00D4ADD6EDEF}.Debug|Any CPU.ActiveCfg = Debug|Any CPU
		{7704DD38-1DA2-4157-9DEB-00D4ADD6EDEF}.Debug|Any CPU.Build.0 = Debug|Any CPU
		{7704DD38-1DA2-4157-9DEB-00D4ADD6EDEF}.Release|Any CPU.ActiveCfg = Release|Any CPU
		{7704DD38-1DA2-4157-9DEB-00D4ADD6EDEF}.Release|Any CPU.Build.0 = Release|Any CPU
		{9059170A-F4E8-4003-A123-9DB8CA2A79DC}.Debug|Any CPU.ActiveCfg = Debug|Any CPU
		{9059170A-F4E8-4003-A123-9DB8CA2A79DC}.Debug|Any CPU.Build.0 = Debug|Any CPU
		{9059170A-F4E8-4003-A123-9DB8CA2A79DC}.Release|Any CPU.ActiveCfg = Release|Any CPU
		{9059170A-F4E8-4003-A123-9DB8CA2A79DC}.Release|Any CPU.Build.0 = Release|Any CPU
		{AC41C615-3FE7-4E5A-9269-ECD235FCC5E0}.Debug|Any CPU.ActiveCfg = Debug|Any CPU
		{AC41C615-3FE7-4E5A-9269-ECD235FCC5E0}.Debug|Any CPU.Build.0 = Debug|Any CPU
		{AC41C615-3FE7-4E5A-9269-ECD235FCC5E0}.Release|Any CPU.ActiveCfg = Release|Any CPU
		{AC41C615-3FE7-4E5A-9269-ECD235FCC5E0}.Release|Any CPU.Build.0 = Release|Any CPU
		{63B111FD-9F3A-4A9F-98E6-E4AAF956EE55}.Debug|Any CPU.ActiveCfg = Debug|Any CPU
		{63B111FD-9F3A-4A9F-98E6-E4AAF956EE55}.Debug|Any CPU.Build.0 = Debug|Any CPU
		{63B111FD-9F3A-4A9F-98E6-E4AAF956EE55}.Release|Any CPU.ActiveCfg = Release|Any CPU
		{63B111FD-9F3A-4A9F-98E6-E4AAF956EE55}.Release|Any CPU.Build.0 = Release|Any CPU
	EndGlobalSection
	GlobalSection(SolutionProperties) = preSolution
		HideSolutionNode = FALSE
	EndGlobalSection
	GlobalSection(ExtensibilityGlobals) = postSolution
		SolutionGuid = {D23BA2D7-340E-4E15-92A1-C1088ED3C2EE}
	EndGlobalSection
EndGlobal
