
Microsoft Visual Studio Solution File, Format Version 12.00
# Visual Studio Version 17
VisualStudioVersion = 17.1.32421.90
MinimumVisualStudioVersion = 10.0.40219.1
Project("{9A19103F-16F7-4668-BE54-9A1E7A4F7556}") = "MarkusSecundus.YoowzxCalc", "MarkusSecundus.YoowzxCalc\MarkusSecundus.YoowzxCalc.csproj", "{97C83F48-C27A-42A8-B6FF-4A3F962F8B3F}"
EndProject
Project("{9A19103F-16F7-4668-BE54-9A1E7A4F7556}") = "MarkusSecundus.YoowzxCalc.DSL.Parser", "MarkusSecundus.YoowzxCalc.DSL.Parser\MarkusSecundus.YoowzxCalc.DSL.Parser.csproj", "{02DB16FD-476F-49AB-842B-D4F24178C164}"
EndProject
Project("{9A19103F-16F7-4668-BE54-9A1E7A4F7556}") = "MarkusSecundus.YoowzxCalc.DSL.AST", "MarkusSecundus.YoowzxCalc.DSL.AST\MarkusSecundus.YoowzxCalc.DSL.AST.csproj", "{7704DD38-1DA2-4157-9DEB-00D4ADD6EDEF}"
EndProject
Project("{9A19103F-16F7-4668-BE54-9A1E7A4F7556}") = "MarkusSecundus.Util", "MarkusSecundus.Util\MarkusSecundus.Util.csproj", "{9059170A-F4E8-4003-A123-9DB8CA2A79DC}"
EndProject
Project("{9A19103F-16F7-4668-BE54-9A1E7A4F7556}") = "MarkusSecundus.YoowzxCalc.Compilation", "MarkusSecundus.YoowzxCalc.Compilation\MarkusSecundus.YoowzxCalc.Compilation.csproj", "{AC41C615-3FE7-4E5A-9269-ECD235FCC5E0}"
EndProject
Project("{9A19103F-16F7-4668-BE54-9A1E7A4F7556}") = "MarkusSecundus.YoowzxCalc.Cmd", "MarkusSecundus.YoowzxCalc.Cmd\MarkusSecundus.YoowzxCalc.Cmd.csproj", "{63B111FD-9F3A-4A9F-98E6-E4AAF956EE55}"
EndProject
Project("{9A19103F-16F7-4668-BE54-9A1E7A4F7556}") = "MarkusSecundus.ReadLine", "ThirdPartyLibraries\MarkusSecundus.ReadLine\MarkusSecundus.ReadLine.csproj", "{9774CE97-D1BE-4106-9C82-17BC5BA11C82}"
EndProject
Project("{2150E333-8FDC-42A3-9474-1A3956D46DE8}") = "ThirdPartyLibraries", "ThirdPartyLibraries", "{C6FCC85B-C50D-4261-B6E5-C80F66662E31}"
EndProject
Project("{9A19103F-16F7-4668-BE54-9A1E7A4F7556}") = "MarkusSecundus.YoowzxCalc.Benchmarks", "MarkusSecundus.YoowzxCalc.Benchmarks\MarkusSecundus.YoowzxCalc.Benchmarks.csproj", "{F25777BF-5883-4C50-A30F-A008CF3DDB07}"
EndProject
Project("{9A19103F-16F7-4668-BE54-9A1E7A4F7556}") = "MarkusSecundus.YoowzxCalc.DSL.AST.UnitTests", "Tests\MarkusSecundus.YoowzxCalc.DSL.AST.UnitTests\MarkusSecundus.YoowzxCalc.DSL.AST.UnitTests.csproj", "{95A6AAB8-183A-4BE4-A8F1-5BF064570984}"
	ProjectSection(ProjectDependencies) = postProject
		{7704DD38-1DA2-4157-9DEB-00D4ADD6EDEF} = {7704DD38-1DA2-4157-9DEB-00D4ADD6EDEF}
	EndProjectSection
EndProject
Project("{9A19103F-16F7-4668-BE54-9A1E7A4F7556}") = "MarkusSecundus.YoowzxCalc.DSL.Parser.UnitTests", "Tests\MarkusSecundus.YoowzxCalc.DSL.Parser.UnitTests\MarkusSecundus.YoowzxCalc.DSL.Parser.UnitTests.csproj", "{91097259-17B9-44C4-9484-1474AEAAD7C3}"
	ProjectSection(ProjectDependencies) = postProject
		{7704DD38-1DA2-4157-9DEB-00D4ADD6EDEF} = {7704DD38-1DA2-4157-9DEB-00D4ADD6EDEF}
		{02DB16FD-476F-49AB-842B-D4F24178C164} = {02DB16FD-476F-49AB-842B-D4F24178C164}
	EndProjectSection
EndProject
Project("{2150E333-8FDC-42A3-9474-1A3956D46DE8}") = "Tests", "Tests", "{5409495C-D378-4A01-9F75-A328588A1F65}"
EndProject
Project("{FAE04EC0-301F-11D3-BF4B-00C04F79EFBC}") = "MarkusSecundus.YoowzxCalc.Compilation.UnitTests", "MarkusSecundus.YoowzxCalc.Compilation.UnitTests\MarkusSecundus.YoowzxCalc.Compilation.UnitTests.csproj", "{BF05176A-2823-4765-8661-B59C00E5E628}"
EndProject
Project("{FAE04EC0-301F-11D3-BF4B-00C04F79EFBC}") = "MarkusSecundus.YooxzcCalc.UnitTests", "MarkusSecundus.YooxzcCalc.UnitTests\MarkusSecundus.YooxzcCalc.UnitTests.csproj", "{2AE9A0A3-4317-4FC6-A1A8-7EC22834A9B7}"
EndProject
Global
	GlobalSection(SolutionConfigurationPlatforms) = preSolution
		Debug|Any CPU = Debug|Any CPU
		Release|Any CPU = Release|Any CPU
	EndGlobalSection
	GlobalSection(ProjectConfigurationPlatforms) = postSolution
		{97C83F48-C27A-42A8-B6FF-4A3F962F8B3F}.Debug|Any CPU.ActiveCfg = Debug|Any CPU
		{97C83F48-C27A-42A8-B6FF-4A3F962F8B3F}.Debug|Any CPU.Build.0 = Debug|Any CPU
		{97C83F48-C27A-42A8-B6FF-4A3F962F8B3F}.Release|Any CPU.ActiveCfg = Release|Any CPU
		{97C83F48-C27A-42A8-B6FF-4A3F962F8B3F}.Release|Any CPU.Build.0 = Release|Any CPU
		{02DB16FD-476F-49AB-842B-D4F24178C164}.Debug|Any CPU.ActiveCfg = Debug|Any CPU
		{02DB16FD-476F-49AB-842B-D4F24178C164}.Debug|Any CPU.Build.0 = Debug|Any CPU
		{02DB16FD-476F-49AB-842B-D4F24178C164}.Release|Any CPU.ActiveCfg = Release|Any CPU
		{02DB16FD-476F-49AB-842B-D4F24178C164}.Release|Any CPU.Build.0 = Release|Any CPU
		{7704DD38-1DA2-4157-9DEB-00D4ADD6EDEF}.Debug|Any CPU.ActiveCfg = Debug|Any CPU
		{7704DD38-1DA2-4157-9DEB-00D4ADD6EDEF}.Debug|Any CPU.Build.0 = Debug|Any CPU
		{7704DD38-1DA2-4157-9DEB-00D4ADD6EDEF}.Release|Any CPU.ActiveCfg = Release|Any CPU
		{7704DD38-1DA2-4157-9DEB-00D4ADD6EDEF}.Release|Any CPU.Build.0 = Release|Any CPU
		{9059170A-F4E8-4003-A123-9DB8CA2A79DC}.Debug|Any CPU.ActiveCfg = Debug|Any CPU
		{9059170A-F4E8-4003-A123-9DB8CA2A79DC}.Debug|Any CPU.Build.0 = Debug|Any CPU
		{9059170A-F4E8-4003-A123-9DB8CA2A79DC}.Release|Any CPU.ActiveCfg = Release|Any CPU
		{9059170A-F4E8-4003-A123-9DB8CA2A79DC}.Release|Any CPU.Build.0 = Release|Any CPU
		{AC41C615-3FE7-4E5A-9269-ECD235FCC5E0}.Debug|Any CPU.ActiveCfg = Debug|Any CPU
		{AC41C615-3FE7-4E5A-9269-ECD235FCC5E0}.Debug|Any CPU.Build.0 = Debug|Any CPU
		{AC41C615-3FE7-4E5A-9269-ECD235FCC5E0}.Release|Any CPU.ActiveCfg = Release|Any CPU
		{AC41C615-3FE7-4E5A-9269-ECD235FCC5E0}.Release|Any CPU.Build.0 = Release|Any CPU
		{63B111FD-9F3A-4A9F-98E6-E4AAF956EE55}.Debug|Any CPU.ActiveCfg = Debug|Any CPU
		{63B111FD-9F3A-4A9F-98E6-E4AAF956EE55}.Debug|Any CPU.Build.0 = Debug|Any CPU
		{63B111FD-9F3A-4A9F-98E6-E4AAF956EE55}.Release|Any CPU.ActiveCfg = Release|Any CPU
		{63B111FD-9F3A-4A9F-98E6-E4AAF956EE55}.Release|Any CPU.Build.0 = Release|Any CPU
		{9774CE97-D1BE-4106-9C82-17BC5BA11C82}.Debug|Any CPU.ActiveCfg = Debug|Any CPU
		{9774CE97-D1BE-4106-9C82-17BC5BA11C82}.Debug|Any CPU.Build.0 = Debug|Any CPU
		{9774CE97-D1BE-4106-9C82-17BC5BA11C82}.Release|Any CPU.ActiveCfg = Release|Any CPU
		{9774CE97-D1BE-4106-9C82-17BC5BA11C82}.Release|Any CPU.Build.0 = Release|Any CPU
		{F25777BF-5883-4C50-A30F-A008CF3DDB07}.Debug|Any CPU.ActiveCfg = Debug|Any CPU
		{F25777BF-5883-4C50-A30F-A008CF3DDB07}.Debug|Any CPU.Build.0 = Debug|Any CPU
		{F25777BF-5883-4C50-A30F-A008CF3DDB07}.Release|Any CPU.ActiveCfg = Release|Any CPU
		{F25777BF-5883-4C50-A30F-A008CF3DDB07}.Release|Any CPU.Build.0 = Release|Any CPU
		{95A6AAB8-183A-4BE4-A8F1-5BF064570984}.Debug|Any CPU.ActiveCfg = Debug|Any CPU
		{95A6AAB8-183A-4BE4-A8F1-5BF064570984}.Debug|Any CPU.Build.0 = Debug|Any CPU
		{95A6AAB8-183A-4BE4-A8F1-5BF064570984}.Release|Any CPU.ActiveCfg = Release|Any CPU
		{95A6AAB8-183A-4BE4-A8F1-5BF064570984}.Release|Any CPU.Build.0 = Release|Any CPU
		{91097259-17B9-44C4-9484-1474AEAAD7C3}.Debug|Any CPU.ActiveCfg = Debug|Any CPU
		{91097259-17B9-44C4-9484-1474AEAAD7C3}.Debug|Any CPU.Build.0 = Debug|Any CPU
		{91097259-17B9-44C4-9484-1474AEAAD7C3}.Release|Any CPU.ActiveCfg = Release|Any CPU
		{91097259-17B9-44C4-9484-1474AEAAD7C3}.Release|Any CPU.Build.0 = Release|Any CPU
		{BF05176A-2823-4765-8661-B59C00E5E628}.Debug|Any CPU.ActiveCfg = Debug|Any CPU
		{BF05176A-2823-4765-8661-B59C00E5E628}.Debug|Any CPU.Build.0 = Debug|Any CPU
		{BF05176A-2823-4765-8661-B59C00E5E628}.Release|Any CPU.ActiveCfg = Release|Any CPU
		{BF05176A-2823-4765-8661-B59C00E5E628}.Release|Any CPU.Build.0 = Release|Any CPU
		{2AE9A0A3-4317-4FC6-A1A8-7EC22834A9B7}.Debug|Any CPU.ActiveCfg = Debug|Any CPU
		{2AE9A0A3-4317-4FC6-A1A8-7EC22834A9B7}.Debug|Any CPU.Build.0 = Debug|Any CPU
		{2AE9A0A3-4317-4FC6-A1A8-7EC22834A9B7}.Release|Any CPU.ActiveCfg = Release|Any CPU
		{2AE9A0A3-4317-4FC6-A1A8-7EC22834A9B7}.Release|Any CPU.Build.0 = Release|Any CPU
	EndGlobalSection
	GlobalSection(SolutionProperties) = preSolution
		HideSolutionNode = FALSE
	EndGlobalSection
	GlobalSection(NestedProjects) = preSolution
		{9774CE97-D1BE-4106-9C82-17BC5BA11C82} = {C6FCC85B-C50D-4261-B6E5-C80F66662E31}
		{95A6AAB8-183A-4BE4-A8F1-5BF064570984} = {5409495C-D378-4A01-9F75-A328588A1F65}
		{91097259-17B9-44C4-9484-1474AEAAD7C3} = {5409495C-D378-4A01-9F75-A328588A1F65}
		{BF05176A-2823-4765-8661-B59C00E5E628} = {5409495C-D378-4A01-9F75-A328588A1F65}
		{2AE9A0A3-4317-4FC6-A1A8-7EC22834A9B7} = {5409495C-D378-4A01-9F75-A328588A1F65}
	EndGlobalSection
	GlobalSection(ExtensibilityGlobals) = postSolution
		SolutionGuid = {D23BA2D7-340E-4E15-92A1-C1088ED3C2EE}
	EndGlobalSection
EndGlobal
